
Microsoft Visual Studio Solution File, Format Version 12.00
# Visual Studio Version 17
VisualStudioVersion = 17.3.32811.315
MinimumVisualStudioVersion = 10.0.40219.1
Project("{FAE04EC0-301F-11D3-BF4B-00C04F79EFBC}") = "Gissa Talet", "Gissa Talet\Gissa Talet.csproj", "{7859EB00-4D2B-4AAD-94A5-D83819F0573A}"
EndProject
Global
	GlobalSection(SolutionConfigurationPlatforms) = preSolution
		Debug|Any CPU = Debug|Any CPU
		Release|Any CPU = Release|Any CPU
	EndGlobalSection
	GlobalSection(ProjectConfigurationPlatforms) = postSolution
		{7859EB00-4D2B-4AAD-94A5-D83819F0573A}.Debug|Any CPU.ActiveCfg = Debug|Any CPU
		{7859EB00-4D2B-4AAD-94A5-D83819F0573A}.Debug|Any CPU.Build.0 = Debug|Any CPU
		{7859EB00-4D2B-4AAD-94A5-D83819F0573A}.Release|Any CPU.ActiveCfg = Release|Any CPU
		{7859EB00-4D2B-4AAD-94A5-D83819F0573A}.Release|Any CPU.Build.0 = Release|Any CPU
	EndGlobalSection
	GlobalSection(SolutionProperties) = preSolution
		HideSolutionNode = FALSE
	EndGlobalSection
	GlobalSection(ExtensibilityGlobals) = postSolution
		SolutionGuid = {849522ED-5A68-4FD4-B341-35ECAF5351EA}
	EndGlobalSection
EndGlobal
